
Microsoft Visual Studio Solution File, Format Version 12.00
# Visual Studio Version 16
VisualStudioVersion = 16.0.30523.141
MinimumVisualStudioVersion = 10.0.40219.1
Project("{9A19103F-16F7-4668-BE54-9A1E7A4F7556}") = "GeneratorCalculation", "GeneratorCalculation\GeneratorCalculation.csproj", "{86E57EBF-19EE-47EA-B60E-1B54CCC6768C}"
EndProject
Project("{9A19103F-16F7-4668-BE54-9A1E7A4F7556}") = "GeneratorCalculationTests", "Tests\GeneratorCalculationTests.csproj", "{B26D55B5-DE2F-46BF-BC25-47D245D78577}"
EndProject
Global
	GlobalSection(SolutionConfigurationPlatforms) = preSolution
		Debug|Any CPU = Debug|Any CPU
		Release|Any CPU = Release|Any CPU
	EndGlobalSection
	GlobalSection(ProjectConfigurationPlatforms) = postSolution
		{86E57EBF-19EE-47EA-B60E-1B54CCC6768C}.Debug|Any CPU.ActiveCfg = Debug|Any CPU
		{86E57EBF-19EE-47EA-B60E-1B54CCC6768C}.Debug|Any CPU.Build.0 = Debug|Any CPU
		{86E57EBF-19EE-47EA-B60E-1B54CCC6768C}.Release|Any CPU.ActiveCfg = Release|Any CPU
		{86E57EBF-19EE-47EA-B60E-1B54CCC6768C}.Release|Any CPU.Build.0 = Release|Any CPU
		{B26D55B5-DE2F-46BF-BC25-47D245D78577}.Debug|Any CPU.ActiveCfg = Debug|Any CPU
		{B26D55B5-DE2F-46BF-BC25-47D245D78577}.Debug|Any CPU.Build.0 = Debug|Any CPU
		{B26D55B5-DE2F-46BF-BC25-47D245D78577}.Release|Any CPU.ActiveCfg = Release|Any CPU
		{B26D55B5-DE2F-46BF-BC25-47D245D78577}.Release|Any CPU.Build.0 = Release|Any CPU
	EndGlobalSection
	GlobalSection(SolutionProperties) = preSolution
		HideSolutionNode = FALSE
	EndGlobalSection
	GlobalSection(ExtensibilityGlobals) = postSolution
		SolutionGuid = {616A6825-07C2-4CB7-A94E-B335553C1725}
	EndGlobalSection
EndGlobal
